
Microsoft Visual Studio Solution File, Format Version 12.00
# Visual Studio 14
VisualStudioVersion = 14.0.25123.0
MinimumVisualStudioVersion = 10.0.40219.1
Project("{FAE04EC0-301F-11D3-BF4B-00C04F79EFBC}") = "iFood", "iFood\iFood.csproj", "{1637EAE7-3FAB-4531-9A94-23CACA68FC22}"
EndProject
Project("{FAE04EC0-301F-11D3-BF4B-00C04F79EFBC}") = "iFood.Tests", "iFood.Tests\iFood.Tests.csproj", "{38C892C3-4B76-4BC0-8BFE-4791CA86B530}"
EndProject
Global
	GlobalSection(SolutionConfigurationPlatforms) = preSolution
		Debug|Any CPU = Debug|Any CPU
		Release|Any CPU = Release|Any CPU
	EndGlobalSection
	GlobalSection(ProjectConfigurationPlatforms) = postSolution
		{1637EAE7-3FAB-4531-9A94-23CACA68FC22}.Debug|Any CPU.ActiveCfg = Debug|Any CPU
		{1637EAE7-3FAB-4531-9A94-23CACA68FC22}.Debug|Any CPU.Build.0 = Debug|Any CPU
		{1637EAE7-3FAB-4531-9A94-23CACA68FC22}.Release|Any CPU.ActiveCfg = Release|Any CPU
		{1637EAE7-3FAB-4531-9A94-23CACA68FC22}.Release|Any CPU.Build.0 = Release|Any CPU
		{38C892C3-4B76-4BC0-8BFE-4791CA86B530}.Debug|Any CPU.ActiveCfg = Debug|Any CPU
		{38C892C3-4B76-4BC0-8BFE-4791CA86B530}.Debug|Any CPU.Build.0 = Debug|Any CPU
		{38C892C3-4B76-4BC0-8BFE-4791CA86B530}.Release|Any CPU.ActiveCfg = Release|Any CPU
		{38C892C3-4B76-4BC0-8BFE-4791CA86B530}.Release|Any CPU.Build.0 = Release|Any CPU
	EndGlobalSection
	GlobalSection(SolutionProperties) = preSolution
		HideSolutionNode = FALSE
	EndGlobalSection
EndGlobal
